
Microsoft Visual Studio Solution File, Format Version 12.00
# Visual Studio Version 17
VisualStudioVersion = 17.11.35327.3
MinimumVisualStudioVersion = 10.0.40219.1
Project("{FAE04EC0-301F-11D3-BF4B-00C04F79EFBC}") = "RuynServer", "RuynServer\RuynServer.csproj", "{42BEB96C-9DA5-48EE-B25D-CAD362F6B3B4}"
EndProject
Global
	GlobalSection(SolutionConfigurationPlatforms) = preSolution
		Debug|Any CPU = Debug|Any CPU
		Release|Any CPU = Release|Any CPU
	EndGlobalSection
	GlobalSection(ProjectConfigurationPlatforms) = postSolution
		{42BEB96C-9DA5-48EE-B25D-CAD362F6B3B4}.Debug|Any CPU.ActiveCfg = Debug|Any CPU
		{42BEB96C-9DA5-48EE-B25D-CAD362F6B3B4}.Debug|Any CPU.Build.0 = Debug|Any CPU
		{42BEB96C-9DA5-48EE-B25D-CAD362F6B3B4}.Release|Any CPU.ActiveCfg = Release|Any CPU
		{42BEB96C-9DA5-48EE-B25D-CAD362F6B3B4}.Release|Any CPU.Build.0 = Release|Any CPU
	EndGlobalSection
	GlobalSection(SolutionProperties) = preSolution
		HideSolutionNode = FALSE
	EndGlobalSection
	GlobalSection(ExtensibilityGlobals) = postSolution
		SolutionGuid = {2DF5FE95-DB52-429E-97D2-90325EC1D896}
	EndGlobalSection
EndGlobal
